
Microsoft Visual Studio Solution File, Format Version 12.00
# Visual Studio Version 16
VisualStudioVersion = 16.0.808.4
MinimumVisualStudioVersion = 10.0.40219.1
Project("{FAE04EC0-301F-11D3-BF4B-00C04F79EFBC}") = "ModuleTemplate", "Source\ModuleTemplate.csproj", "{86CF37E6-C870-45F1-B6D4-92719DBF98A5}"
EndProject
Project("{FAE04EC0-301F-11D3-BF4B-00C04F79EFBC}") = "ModuleTemplate.Specs", "Specifications\ModuleTemplate.Specs.csproj", "{13D6AC82-01DC-4E23-88A0-3EA656B20CEF}"
EndProject
Global
	GlobalSection(SolutionConfigurationPlatforms) = preSolution
		Debug|Any CPU = Debug|Any CPU
		Release|Any CPU = Release|Any CPU
	EndGlobalSection
	GlobalSection(ProjectConfigurationPlatforms) = postSolution
		{86CF37E6-C870-45F1-B6D4-92719DBF98A5}.Debug|Any CPU.ActiveCfg = Debug|Any CPU
		{86CF37E6-C870-45F1-B6D4-92719DBF98A5}.Debug|Any CPU.Build.0 = Debug|Any CPU
		{86CF37E6-C870-45F1-B6D4-92719DBF98A5}.Release|Any CPU.ActiveCfg = Release|Any CPU
		{86CF37E6-C870-45F1-B6D4-92719DBF98A5}.Release|Any CPU.Build.0 = Release|Any CPU
		{13D6AC82-01DC-4E23-88A0-3EA656B20CEF}.Debug|Any CPU.ActiveCfg = Debug|Any CPU
		{13D6AC82-01DC-4E23-88A0-3EA656B20CEF}.Debug|Any CPU.Build.0 = Debug|Any CPU
		{13D6AC82-01DC-4E23-88A0-3EA656B20CEF}.Release|Any CPU.ActiveCfg = Release|Any CPU
		{13D6AC82-01DC-4E23-88A0-3EA656B20CEF}.Release|Any CPU.Build.0 = Release|Any CPU
	EndGlobalSection
	GlobalSection(SolutionProperties) = preSolution
		HideSolutionNode = FALSE
	EndGlobalSection
	GlobalSection(ExtensibilityGlobals) = postSolution
		SolutionGuid = {40E9EBDE-68E9-4BF2-B7B0-69991EA8ACCF}
	EndGlobalSection
EndGlobal
